// !$*UTF8*$!
{
	archiveVersion = 1;
	classes = {
	};
	objectVersion = 56;
	objects = {

/* Begin PBXBuildFile section */
		698D2ED92D034B2800543178 /* LacrosseRuleApp.swift in Sources */ = {isa = PBXBuildFile; fileRef = 698D2ED82D034B2800543178 /* LacrosseRuleApp.swift */; };
		698D2EDD2D034B2A00543178 /* Assets.xcassets in Resources */ = {isa = PBXBuildFile; fileRef = 698D2EDC2D034B2A00543178 /* Assets.xcassets */; };
		698D2EE02D034B2A00543178 /* Preview Assets.xcassets in Resources */ = {isa = PBXBuildFile; fileRef = 698D2EDF2D034B2A00543178 /* Preview Assets.xcassets */; };
		698D2EEA2D034B2A00543178 /* LacrosseRuleTests.swift in Sources */ = {isa = PBXBuildFile; fileRef = 698D2EE92D034B2A00543178 /* LacrosseRuleTests.swift */; };
		698D2EF42D034B2A00543178 /* LacrosseRuleUITests.swift in Sources */ = {isa = PBXBuildFile; fileRef = 698D2EF32D034B2A00543178 /* LacrosseRuleUITests.swift */; };
		698D2EF62D034B2A00543178 /* LacrosseRuleUITestsLaunchTests.swift in Sources */ = {isa = PBXBuildFile; fileRef = 698D2EF52D034B2A00543178 /* LacrosseRuleUITestsLaunchTests.swift */; };
		698D2F052D03CCA900543178 /* ContentView.swift in Sources */ = {isa = PBXBuildFile; fileRef = 698D2F042D03CCA900543178 /* ContentView.swift */; };
		698D2F072D04EFDA00543178 /* TimerModel.swift in Sources */ = {isa = PBXBuildFile; fileRef = 698D2F062D04EFDA00543178 /* TimerModel.swift */; };
		69AE39F92D1DDC6100F629F9 /* QuizDBManager.swift in Sources */ = {isa = PBXBuildFile; fileRef = 69AE39F82D1DDC6100F629F9 /* QuizDBManager.swift */; };
/* End PBXBuildFile section */

/* Begin PBXContainerItemProxy section */
		698D2EE62D034B2A00543178 /* PBXContainerItemProxy */ = {
			isa = PBXContainerItemProxy;
			containerPortal = 698D2ECD2D034B2800543178 /* Project object */;
			proxyType = 1;
			remoteGlobalIDString = 698D2ED42D034B2800543178;
			remoteInfo = LacrosseRule;
		};
		698D2EF02D034B2A00543178 /* PBXContainerItemProxy */ = {
			isa = PBXContainerItemProxy;
			containerPortal = 698D2ECD2D034B2800543178 /* Project object */;
			proxyType = 1;
			remoteGlobalIDString = 698D2ED42D034B2800543178;
			remoteInfo = LacrosseRule;
		};
/* End PBXContainerItemProxy section */

/* Begin PBXFileReference section */
		698D2ED52D034B2800543178 /* LacrosseRule.app */ = {isa = PBXFileReference; explicitFileType = wrapper.application; includeInIndex = 0; path = LacrosseRule.app; sourceTree = BUILT_PRODUCTS_DIR; };
		698D2ED82D034B2800543178 /* LacrosseRuleApp.swift */ = {isa = PBXFileReference; lastKnownFileType = sourcecode.swift; path = LacrosseRuleApp.swift; sourceTree = "<group>"; };
		698D2EDC2D034B2A00543178 /* Assets.xcassets */ = {isa = PBXFileReference; lastKnownFileType = folder.assetcatalog; path = Assets.xcassets; sourceTree = "<group>"; };
		698D2EDF2D034B2A00543178 /* Preview Assets.xcassets */ = {isa = PBXFileReference; lastKnownFileType = folder.assetcatalog; path = "Preview Assets.xcassets"; sourceTree = "<group>"; };
		698D2EE52D034B2A00543178 /* LacrosseRuleTests.xctest */ = {isa = PBXFileReference; explicitFileType = wrapper.cfbundle; includeInIndex = 0; path = LacrosseRuleTests.xctest; sourceTree = BUILT_PRODUCTS_DIR; };
		698D2EE92D034B2A00543178 /* LacrosseRuleTests.swift */ = {isa = PBXFileReference; lastKnownFileType = sourcecode.swift; path = LacrosseRuleTests.swift; sourceTree = "<group>"; };
		698D2EEF2D034B2A00543178 /* LacrosseRuleUITests.xctest */ = {isa = PBXFileReference; explicitFileType = wrapper.cfbundle; includeInIndex = 0; path = LacrosseRuleUITests.xctest; sourceTree = BUILT_PRODUCTS_DIR; };
		698D2EF32D034B2A00543178 /* LacrosseRuleUITests.swift */ = {isa = PBXFileReference; lastKnownFileType = sourcecode.swift; path = LacrosseRuleUITests.swift; sourceTree = "<group>"; };
		698D2EF52D034B2A00543178 /* LacrosseRuleUITestsLaunchTests.swift */ = {isa = PBXFileReference; lastKnownFileType = sourcecode.swift; path = LacrosseRuleUITestsLaunchTests.swift; sourceTree = "<group>"; };
		698D2F042D03CCA900543178 /* ContentView.swift */ = {isa = PBXFileReference; fileEncoding = 4; lastKnownFileType = sourcecode.swift; path = ContentView.swift; sourceTree = "<group>"; };
		698D2F062D04EFDA00543178 /* TimerModel.swift */ = {isa = PBXFileReference; lastKnownFileType = sourcecode.swift; path = TimerModel.swift; sourceTree = "<group>"; };
		69AE39F82D1DDC6100F629F9 /* QuizDBManager.swift */ = {isa = PBXFileReference; lastKnownFileType = sourcecode.swift; path = QuizDBManager.swift; sourceTree = "<group>"; };
		69AE39FA2D1DE0A400F629F9 /* quiz.db */ = {isa = PBXFileReference; lastKnownFileType = file; path = quiz.db; sourceTree = "<group>"; };
/* End PBXFileReference section */

/* Begin PBXFrameworksBuildPhase section */
		698D2ED22D034B2800543178 /* Frameworks */ = {
			isa = PBXFrameworksBuildPhase;
			buildActionMask = 2147483647;
			files = (
			);
			runOnlyForDeploymentPostprocessing = 0;
		};
		698D2EE22D034B2A00543178 /* Frameworks */ = {
			isa = PBXFrameworksBuildPhase;
			buildActionMask = 2147483647;
			files = (
			);
			runOnlyForDeploymentPostprocessing = 0;
		};
		698D2EEC2D034B2A00543178 /* Frameworks */ = {
			isa = PBXFrameworksBuildPhase;
			buildActionMask = 2147483647;
			files = (
			);
			runOnlyForDeploymentPostprocessing = 0;
		};
/* End PBXFrameworksBuildPhase section */

/* Begin PBXGroup section */
		698D2ECC2D034B2800543178 = {
			isa = PBXGroup;
			children = (
				69AE39FA2D1DE0A400F629F9 /* quiz.db */,
				698D2ED72D034B2800543178 /* LacrosseRule */,
				698D2EE82D034B2A00543178 /* LacrosseRuleTests */,
				698D2EF22D034B2A00543178 /* LacrosseRuleUITests */,
				698D2ED62D034B2800543178 /* Products */,
			);
			sourceTree = "<group>";
		};
		698D2ED62D034B2800543178 /* Products */ = {
			isa = PBXGroup;
			children = (
				698D2ED52D034B2800543178 /* LacrosseRule.app */,
				698D2EE52D034B2A00543178 /* LacrosseRuleTests.xctest */,
				698D2EEF2D034B2A00543178 /* LacrosseRuleUITests.xctest */,
			);
			name = Products;
			sourceTree = "<group>";
		};
		698D2ED72D034B2800543178 /* LacrosseRule */ = {
			isa = PBXGroup;
			children = (
				698D2F042D03CCA900543178 /* ContentView.swift */,
				698D2ED82D034B2800543178 /* LacrosseRuleApp.swift */,
				698D2EDC2D034B2A00543178 /* Assets.xcassets */,
				698D2EDE2D034B2A00543178 /* Preview Content */,
				698D2F062D04EFDA00543178 /* TimerModel.swift */,
				69AE39F82D1DDC6100F629F9 /* QuizDBManager.swift */,
			);
			path = LacrosseRule;
			sourceTree = "<group>";
		};
		698D2EDE2D034B2A00543178 /* Preview Content */ = {
			isa = PBXGroup;
			children = (
				698D2EDF2D034B2A00543178 /* Preview Assets.xcassets */,
			);
			path = "Preview Content";
			sourceTree = "<group>";
		};
		698D2EE82D034B2A00543178 /* LacrosseRuleTests */ = {
			isa = PBXGroup;
			children = (
				698D2EE92D034B2A00543178 /* LacrosseRuleTests.swift */,
			);
			path = LacrosseRuleTests;
			sourceTree = "<group>";
		};
		698D2EF22D034B2A00543178 /* LacrosseRuleUITests */ = {
			isa = PBXGroup;
			children = (
				698D2EF32D034B2A00543178 /* LacrosseRuleUITests.swift */,
				698D2EF52D034B2A00543178 /* LacrosseRuleUITestsLaunchTests.swift */,
			);
			path = LacrosseRuleUITests;
			sourceTree = "<group>";
		};
/* End PBXGroup section */

/* Begin PBXNativeTarget section */
		698D2ED42D034B2800543178 /* LacrosseRule */ = {
			isa = PBXNativeTarget;
			buildConfigurationList = 698D2EF92D034B2A00543178 /* Build configuration list for PBXNativeTarget "LacrosseRule" */;
			buildPhases = (
				698D2ED12D034B2800543178 /* Sources */,
				698D2ED22D034B2800543178 /* Frameworks */,
				698D2ED32D034B2800543178 /* Resources */,
			);
			buildRules = (
			);
			dependencies = (
			);
			name = LacrosseRule;
			productName = LacrosseRule;
			productReference = 698D2ED52D034B2800543178 /* LacrosseRule.app */;
			productType = "com.apple.product-type.application";
		};
		698D2EE42D034B2A00543178 /* LacrosseRuleTests */ = {
			isa = PBXNativeTarget;
			buildConfigurationList = 698D2EFC2D034B2A00543178 /* Build configuration list for PBXNativeTarget "LacrosseRuleTests" */;
			buildPhases = (
				698D2EE12D034B2A00543178 /* Sources */,
				698D2EE22D034B2A00543178 /* Frameworks */,
				698D2EE32D034B2A00543178 /* Resources */,
			);
			buildRules = (
			);
			dependencies = (
				698D2EE72D034B2A00543178 /* PBXTargetDependency */,
			);
			name = LacrosseRuleTests;
			productName = LacrosseRuleTests;
			productReference = 698D2EE52D034B2A00543178 /* LacrosseRuleTests.xctest */;
			productType = "com.apple.product-type.bundle.unit-test";
		};
		698D2EEE2D034B2A00543178 /* LacrosseRuleUITests */ = {
			isa = PBXNativeTarget;
			buildConfigurationList = 698D2EFF2D034B2A00543178 /* Build configuration list for PBXNativeTarget "LacrosseRuleUITests" */;
			buildPhases = (
				698D2EEB2D034B2A00543178 /* Sources */,
				698D2EEC2D034B2A00543178 /* Frameworks */,
				698D2EED2D034B2A00543178 /* Resources */,
			);
			buildRules = (
			);
			dependencies = (
				698D2EF12D034B2A00543178 /* PBXTargetDependency */,
			);
			name = LacrosseRuleUITests;
			productName = LacrosseRuleUITests;
			productReference = 698D2EEF2D034B2A00543178 /* LacrosseRuleUITests.xctest */;
			productType = "com.apple.product-type.bundle.ui-testing";
		};
/* End PBXNativeTarget section */

/* Begin PBXProject section */
		698D2ECD2D034B2800543178 /* Project object */ = {
			isa = PBXProject;
			attributes = {
				BuildIndependentTargetsInParallel = 1;
				LastSwiftUpdateCheck = 1540;
				LastUpgradeCheck = 1540;
				TargetAttributes = {
					698D2ED42D034B2800543178 = {
						CreatedOnToolsVersion = 15.4;
					};
					698D2EE42D034B2A00543178 = {
						CreatedOnToolsVersion = 15.4;
						TestTargetID = 698D2ED42D034B2800543178;
					};
					698D2EEE2D034B2A00543178 = {
						CreatedOnToolsVersion = 15.4;
						TestTargetID = 698D2ED42D034B2800543178;
					};
				};
			};
			buildConfigurationList = 698D2ED02D034B2800543178 /* Build configuration list for PBXProject "LacrosseRule" */;
			compatibilityVersion = "Xcode 14.0";
			developmentRegion = en;
			hasScannedForEncodings = 0;
			knownRegions = (
				en,
				Base,
			);
			mainGroup = 698D2ECC2D034B2800543178;
			productRefGroup = 698D2ED62D034B2800543178 /* Products */;
			projectDirPath = "";
			projectRoot = "";
			targets = (
				698D2ED42D034B2800543178 /* LacrosseRule */,
				698D2EE42D034B2A00543178 /* LacrosseRuleTests */,
				698D2EEE2D034B2A00543178 /* LacrosseRuleUITests */,
			);
		};
/* End PBXProject section */

/* Begin PBXResourcesBuildPhase section */
		698D2ED32D034B2800543178 /* Resources */ = {
			isa = PBXResourcesBuildPhase;
			buildActionMask = 2147483647;
			files = (
				698D2EE02D034B2A00543178 /* Preview Assets.xcassets in Resources */,
				698D2EDD2D034B2A00543178 /* Assets.xcassets in Resources */,
			);
			runOnlyForDeploymentPostprocessing = 0;
		};
		698D2EE32D034B2A00543178 /* Resources */ = {
			isa = PBXResourcesBuildPhase;
			buildActionMask = 2147483647;
			files = (
			);
			runOnlyForDeploymentPostprocessing = 0;
		};
		698D2EED2D034B2A00543178 /* Resources */ = {
			isa = PBXResourcesBuildPhase;
			buildActionMask = 2147483647;
			files = (
			);
			runOnlyForDeploymentPostprocessing = 0;
		};
/* End PBXResourcesBuildPhase section */

/* Begin PBXSourcesBuildPhase section */
		698D2ED12D034B2800543178 /* Sources */ = {
			isa = PBXSourcesBuildPhase;
			buildActionMask = 2147483647;
			files = (
				698D2F072D04EFDA00543178 /* TimerModel.swift in Sources */,
				698D2F052D03CCA900543178 /* ContentView.swift in Sources */,
				698D2ED92D034B2800543178 /* LacrosseRuleApp.swift in Sources */,
				69AE39F92D1DDC6100F629F9 /* QuizDBManager.swift in Sources */,
			);
			runOnlyForDeploymentPostprocessing = 0;
		};
		698D2EE12D034B2A00543178 /* Sources */ = {
			isa = PBXSourcesBuildPhase;
			buildActionMask = 2147483647;
			files = (
				698D2EEA2D034B2A00543178 /* LacrosseRuleTests.swift in Sources */,
			);
			runOnlyForDeploymentPostprocessing = 0;
		};
		698D2EEB2D034B2A00543178 /* Sources */ = {
			isa = PBXSourcesBuildPhase;
			buildActionMask = 2147483647;
			files = (
				698D2EF62D034B2A00543178 /* LacrosseRuleUITestsLaunchTests.swift in Sources */,
				698D2EF42D034B2A00543178 /* LacrosseRuleUITests.swift in Sources */,
			);
			runOnlyForDeploymentPostprocessing = 0;
		};
/* End PBXSourcesBuildPhase section */

/* Begin PBXTargetDependency section */
		698D2EE72D034B2A00543178 /* PBXTargetDependency */ = {
			isa = PBXTargetDependency;
			target = 698D2ED42D034B2800543178 /* LacrosseRule */;
			targetProxy = 698D2EE62D034B2A00543178 /* PBXContainerItemProxy */;
		};
		698D2EF12D034B2A00543178 /* PBXTargetDependency */ = {
			isa = PBXTargetDependency;
			target = 698D2ED42D034B2800543178 /* LacrosseRule */;
			targetProxy = 698D2EF02D034B2A00543178 /* PBXContainerItemProxy */;
		};
/* End PBXTargetDependency section */

/* Begin XCBuildConfiguration section */
		698D2EF72D034B2A00543178 /* Debug */ = {
			isa = XCBuildConfiguration;
			buildSettings = {
				ALWAYS_SEARCH_USER_PATHS = NO;
				ASSETCATALOG_COMPILER_GENERATE_SWIFT_ASSET_SYMBOL_EXTENSIONS = YES;
				CLANG_ANALYZER_NONNULL = YES;
				CLANG_ANALYZER_NUMBER_OBJECT_CONVERSION = YES_AGGRESSIVE;
				CLANG_CXX_LANGUAGE_STANDARD = "gnu++20";
				CLANG_ENABLE_MODULES = YES;
				CLANG_ENABLE_OBJC_ARC = YES;
				CLANG_ENABLE_OBJC_WEAK = YES;
				CLANG_WARN_BLOCK_CAPTURE_AUTORELEASING = YES;
				CLANG_WARN_BOOL_CONVERSION = YES;
				CLANG_WARN_COMMA = YES;
				CLANG_WARN_CONSTANT_CONVERSION = YES;
				CLANG_WARN_DEPRECATED_OBJC_IMPLEMENTATIONS = YES;
				CLANG_WARN_DIRECT_OBJC_ISA_USAGE = YES_ERROR;
				CLANG_WARN_DOCUMENTATION_COMMENTS = YES;
				CLANG_WARN_EMPTY_BODY = YES;
				CLANG_WARN_ENUM_CONVERSION = YES;
				CLANG_WARN_INFINITE_RECURSION = YES;
				CLANG_WARN_INT_CONVERSION = YES;
				CLANG_WARN_NON_LITERAL_NULL_CONVERSION = YES;
				CLANG_WARN_OBJC_IMPLICIT_RETAIN_SELF = YES;
				CLANG_WARN_OBJC_LITERAL_CONVERSION = YES;
				CLANG_WARN_OBJC_ROOT_CLASS = YES_ERROR;
				CLANG_WARN_QUOTED_INCLUDE_IN_FRAMEWORK_HEADER = YES;
				CLANG_WARN_RANGE_LOOP_ANALYSIS = YES;
				CLANG_WARN_STRICT_PROTOTYPES = YES;
				CLANG_WARN_SUSPICIOUS_MOVE = YES;
				CLANG_WARN_UNGUARDED_AVAILABILITY = YES_AGGRESSIVE;
				CLANG_WARN_UNREACHABLE_CODE = YES;
				CLANG_WARN__DUPLICATE_METHOD_MATCH = YES;
				COPY_PHASE_STRIP = NO;
				DEBUG_INFORMATION_FORMAT = dwarf;
				ENABLE_STRICT_OBJC_MSGSEND = YES;
				ENABLE_TESTABILITY = YES;
				ENABLE_USER_SCRIPT_SANDBOXING = YES;
				GCC_C_LANGUAGE_STANDARD = gnu17;
				GCC_DYNAMIC_NO_PIC = NO;
				GCC_NO_COMMON_BLOCKS = YES;
				GCC_OPTIMIZATION_LEVEL = 0;
				GCC_PREPROCESSOR_DEFINITIONS = (
					"DEBUG=1",
					"$(inherited)",
				);
				GCC_WARN_64_TO_32_BIT_CONVERSION = YES;
				GCC_WARN_ABOUT_RETURN_TYPE = YES_ERROR;
				GCC_WARN_UNDECLARED_SELECTOR = YES;
				GCC_WARN_UNINITIALIZED_AUTOS = YES_AGGRESSIVE;
				GCC_WARN_UNUSED_FUNCTION = YES;
				GCC_WARN_UNUSED_VARIABLE = YES;
				IPHONEOS_DEPLOYMENT_TARGET = 17.5;
				LOCALIZATION_PREFERS_STRING_CATALOGS = YES;
				MTL_ENABLE_DEBUG_INFO = INCLUDE_SOURCE;
				MTL_FAST_MATH = YES;
				ONLY_ACTIVE_ARCH = YES;
				SDKROOT = iphoneos;
				SWIFT_ACTIVE_COMPILATION_CONDITIONS = "DEBUG $(inherited)";
				SWIFT_OPTIMIZATION_LEVEL = "-Onone";
			};
			name = Debug;
		};
		698D2EF82D034B2A00543178 /* Release */ = {
			isa = XCBuildConfiguration;
			buildSettings = {
				ALWAYS_SEARCH_USER_PATHS = NO;
				ASSETCATALOG_COMPILER_GENERATE_SWIFT_ASSET_SYMBOL_EXTENSIONS = YES;
				CLANG_ANALYZER_NONNULL = YES;
				CLANG_ANALYZER_NUMBER_OBJECT_CONVERSION = YES_AGGRESSIVE;
				CLANG_CXX_LANGUAGE_STANDARD = "gnu++20";
				CLANG_ENABLE_MODULES = YES;
				CLANG_ENABLE_OBJC_ARC = YES;
				CLANG_ENABLE_OBJC_WEAK = YES;
				CLANG_WARN_BLOCK_CAPTURE_AUTORELEASING = YES;
				CLANG_WARN_BOOL_CONVERSION = YES;
				CLANG_WARN_COMMA = YES;
				CLANG_WARN_CONSTANT_CONVERSION = YES;
				CLANG_WARN_DEPRECATED_OBJC_IMPLEMENTATIONS = YES;
				CLANG_WARN_DIRECT_OBJC_ISA_USAGE = YES_ERROR;
				CLANG_WARN_DOCUMENTATION_COMMENTS = YES;
				CLANG_WARN_EMPTY_BODY = YES;
				CLANG_WARN_ENUM_CONVERSION = YES;
				CLANG_WARN_INFINITE_RECURSION = YES;
				CLANG_WARN_INT_CONVERSION = YES;
				CLANG_WARN_NON_LITERAL_NULL_CONVERSION = YES;
				CLANG_WARN_OBJC_IMPLICIT_RETAIN_SELF = YES;
				CLANG_WARN_OBJC_LITERAL_CONVERSION = YES;
				CLANG_WARN_OBJC_ROOT_CLASS = YES_ERROR;
				CLANG_WARN_QUOTED_INCLUDE_IN_FRAMEWORK_HEADER = YES;
				CLANG_WARN_RANGE_LOOP_ANALYSIS = YES;
				CLANG_WARN_STRICT_PROTOTYPES = YES;
				CLANG_WARN_SUSPICIOUS_MOVE = YES;
				CLANG_WARN_UNGUARDED_AVAILABILITY = YES_AGGRESSIVE;
				CLANG_WARN_UNREACHABLE_CODE = YES;
				CLANG_WARN__DUPLICATE_METHOD_MATCH = YES;
				COPY_PHASE_STRIP = NO;
				DEBUG_INFORMATION_FORMAT = "dwarf-with-dsym";
				ENABLE_NS_ASSERTIONS = NO;
				ENABLE_STRICT_OBJC_MSGSEND = YES;
				ENABLE_USER_SCRIPT_SANDBOXING = YES;
				GCC_C_LANGUAGE_STANDARD = gnu17;
				GCC_NO_COMMON_BLOCKS = YES;
				GCC_WARN_64_TO_32_BIT_CONVERSION = YES;
				GCC_WARN_ABOUT_RETURN_TYPE = YES_ERROR;
				GCC_WARN_UNDECLARED_SELECTOR = YES;
				GCC_WARN_UNINITIALIZED_AUTOS = YES_AGGRESSIVE;
				GCC_WARN_UNUSED_FUNCTION = YES;
				GCC_WARN_UNUSED_VARIABLE = YES;
				IPHONEOS_DEPLOYMENT_TARGET = 17.5;
				LOCALIZATION_PREFERS_STRING_CATALOGS = YES;
				MTL_ENABLE_DEBUG_INFO = NO;
				MTL_FAST_MATH = YES;
				SDKROOT = iphoneos;
				SWIFT_COMPILATION_MODE = wholemodule;
				VALIDATE_PRODUCT = YES;
			};
			name = Release;
		};
		698D2EFA2D034B2A00543178 /* Debug */ = {
			isa = XCBuildConfiguration;
			buildSettings = {
				ASSETCATALOG_COMPILER_APPICON_NAME = AppIcon;
				ASSETCATALOG_COMPILER_GLOBAL_ACCENT_COLOR_NAME = AccentColor;
				CODE_SIGN_STYLE = Automatic;
				CURRENT_PROJECT_VERSION = 1;
				DEVELOPMENT_ASSET_PATHS = "\"LacrosseRule/Preview Content\"";
				DEVELOPMENT_TEAM = NYSARKV52Y;
				ENABLE_PREVIEWS = YES;
				GENERATE_INFOPLIST_FILE = YES;
				INFOPLIST_KEY_UIApplicationSceneManifest_Generation = YES;
				INFOPLIST_KEY_UIApplicationSupportsIndirectInputEvents = YES;
				INFOPLIST_KEY_UILaunchScreen_Generation = YES;
				INFOPLIST_KEY_UISupportedInterfaceOrientations_iPad = "UIInterfaceOrientationPortrait UIInterfaceOrientationPortraitUpsideDown UIInterfaceOrientationLandscapeLeft UIInterfaceOrientationLandscapeRight";
				INFOPLIST_KEY_UISupportedInterfaceOrientations_iPhone = "UIInterfaceOrientationPortrait UIInterfaceOrientationLandscapeLeft UIInterfaceOrientationLandscapeRight";
				LD_RUNPATH_SEARCH_PATHS = (
					"$(inherited)",
					"@executable_path/Frameworks",
				);
				MARKETING_VERSION = 1.0;
				PRODUCT_BUNDLE_IDENTIFIER = com.gakkungt.LacrosseRule;
				PRODUCT_NAME = "$(TARGET_NAME)";
				SWIFT_EMIT_LOC_STRINGS = YES;
				SWIFT_VERSION = 5.0;
				TARGETED_DEVICE_FAMILY = "1,2";
			};
			name = Debug;
		};
		698D2EFB2D034B2A00543178 /* Release */ = {
			isa = XCBuildConfiguration;
			buildSettings = {
				ASSETCATALOG_COMPILER_APPICON_NAME = AppIcon;
				ASSETCATALOG_COMPILER_GLOBAL_ACCENT_COLOR_NAME = AccentColor;
				CODE_SIGN_STYLE = Automatic;
				CURRENT_PROJECT_VERSION = 1;
				DEVELOPMENT_ASSET_PATHS = "\"LacrosseRule/Preview Content\"";
				DEVELOPMENT_TEAM = NYSARKV52Y;
				ENABLE_PREVIEWS = YES;
				GENERATE_INFOPLIST_FILE = YES;
				INFOPLIST_KEY_UIApplicationSceneManifest_Generation = YES;
				INFOPLIST_KEY_UIApplicationSupportsIndirectInputEvents = YES;
				INFOPLIST_KEY_UILaunchScreen_Generation = YES;
				INFOPLIST_KEY_UISupportedInterfaceOrientations_iPad = "UIInterfaceOrientationPortrait UIInterfaceOrientationPortraitUpsideDown UIInterfaceOrientationLandscapeLeft UIInterfaceOrientationLandscapeRight";
				INFOPLIST_KEY_UISupportedInterfaceOrientations_iPhone = "UIInterfaceOrientationPortrait UIInterfaceOrientationLandscapeLeft UIInterfaceOrientationLandscapeRight";
				LD_RUNPATH_SEARCH_PATHS = (
					"$(inherited)",
					"@executable_path/Frameworks",
				);
				MARKETING_VERSION = 1.0;
				PRODUCT_BUNDLE_IDENTIFIER = com.gakkungt.LacrosseRule;
				PRODUCT_NAME = "$(TARGET_NAME)";
				SWIFT_EMIT_LOC_STRINGS = YES;
				SWIFT_VERSION = 5.0;
				TARGETED_DEVICE_FAMILY = "1,2";
			};
			name = Release;
		};
		698D2EFD2D034B2A00543178 /* Debug */ = {
			isa = XCBuildConfiguration;
			buildSettings = {
				ALWAYS_EMBED_SWIFT_STANDARD_LIBRARIES = YES;
				BUNDLE_LOADER = "$(TEST_HOST)";
				CODE_SIGN_STYLE = Automatic;
				CURRENT_PROJECT_VERSION = 1;
				DEVELOPMENT_TEAM = NYSARKV52Y;
				GENERATE_INFOPLIST_FILE = YES;
				IPHONEOS_DEPLOYMENT_TARGET = 17.5;
				MARKETING_VERSION = 1.0;
				PRODUCT_BUNDLE_IDENTIFIER = com.gakkungt.LacrosseRuleTests;
				PRODUCT_NAME = "$(TARGET_NAME)";
				SWIFT_EMIT_LOC_STRINGS = NO;
				SWIFT_VERSION = 5.0;
				TARGETED_DEVICE_FAMILY = "1,2";
				TEST_HOST = "$(BUILT_PRODUCTS_DIR)/LacrosseRule.app/$(BUNDLE_EXECUTABLE_FOLDER_PATH)/LacrosseRule";
			};
			name = Debug;
		};
		698D2EFE2D034B2A00543178 /* Release */ = {
			isa = XCBuildConfiguration;
			buildSettings = {
				ALWAYS_EMBED_SWIFT_STANDARD_LIBRARIES = YES;
				BUNDLE_LOADER = "$(TEST_HOST)";
				CODE_SIGN_STYLE = Automatic;
				CURRENT_PROJECT_VERSION = 1;
				DEVELOPMENT_TEAM = NYSARKV52Y;
				GENERATE_INFOPLIST_FILE = YES;
				IPHONEOS_DEPLOYMENT_TARGET = 17.5;
				MARKETING_VERSION = 1.0;
				PRODUCT_BUNDLE_IDENTIFIER = com.gakkungt.LacrosseRuleTests;
				PRODUCT_NAME = "$(TARGET_NAME)";
				SWIFT_EMIT_LOC_STRINGS = NO;
				SWIFT_VERSION = 5.0;
				TARGETED_DEVICE_FAMILY = "1,2";
				TEST_HOST = "$(BUILT_PRODUCTS_DIR)/LacrosseRule.app/$(BUNDLE_EXECUTABLE_FOLDER_PATH)/LacrosseRule";
			};
			name = Release;
		};
		698D2F002D034B2A00543178 /* Debug */ = {
			isa = XCBuildConfiguration;
			buildSettings = {
				ALWAYS_EMBED_SWIFT_STANDARD_LIBRARIES = YES;
				CODE_SIGN_STYLE = Automatic;
				CURRENT_PROJECT_VERSION = 1;
				DEVELOPMENT_TEAM = NYSARKV52Y;
				GENERATE_INFOPLIST_FILE = YES;
				MARKETING_VERSION = 1.0;
				PRODUCT_BUNDLE_IDENTIFIER = com.gakkungt.LacrosseRuleUITests;
				PRODUCT_NAME = "$(TARGET_NAME)";
				SWIFT_EMIT_LOC_STRINGS = NO;
				SWIFT_VERSION = 5.0;
				TARGETED_DEVICE_FAMILY = "1,2";
				TEST_TARGET_NAME = LacrosseRule;
			};
			name = Debug;
		};
		698D2F012D034B2A00543178 /* Release */ = {
			isa = XCBuildConfiguration;
			buildSettings = {
				ALWAYS_EMBED_SWIFT_STANDARD_LIBRARIES = YES;
				CODE_SIGN_STYLE = Automatic;
				CURRENT_PROJECT_VERSION = 1;
				DEVELOPMENT_TEAM = NYSARKV52Y;
				GENERATE_INFOPLIST_FILE = YES;
				MARKETING_VERSION = 1.0;
				PRODUCT_BUNDLE_IDENTIFIER = com.gakkungt.LacrosseRuleUITests;
				PRODUCT_NAME = "$(TARGET_NAME)";
				SWIFT_EMIT_LOC_STRINGS = NO;
				SWIFT_VERSION = 5.0;
				TARGETED_DEVICE_FAMILY = "1,2";
				TEST_TARGET_NAME = LacrosseRule;
			};
			name = Release;
		};
/* End XCBuildConfiguration section */

/* Begin XCConfigurationList section */
		698D2ED02D034B2800543178 /* Build configuration list for PBXProject "LacrosseRule" */ = {
			isa = XCConfigurationList;
			buildConfigurations = (
				698D2EF72D034B2A00543178 /* Debug */,
				698D2EF82D034B2A00543178 /* Release */,
			);
			defaultConfigurationIsVisible = 0;
			defaultConfigurationName = Release;
		};
		698D2EF92D034B2A00543178 /* Build configuration list for PBXNativeTarget "LacrosseRule" */ = {
			isa = XCConfigurationList;
			buildConfigurations = (
				698D2EFA2D034B2A00543178 /* Debug */,
				698D2EFB2D034B2A00543178 /* Release */,
			);
			defaultConfigurationIsVisible = 0;
			defaultConfigurationName = Release;
		};
		698D2EFC2D034B2A00543178 /* Build configuration list for PBXNativeTarget "LacrosseRuleTests" */ = {
			isa = XCConfigurationList;
			buildConfigurations = (
				698D2EFD2D034B2A00543178 /* Debug */,
				698D2EFE2D034B2A00543178 /* Release */,
			);
			defaultConfigurationIsVisible = 0;
			defaultConfigurationName = Release;
		};
		698D2EFF2D034B2A00543178 /* Build configuration list for PBXNativeTarget "LacrosseRuleUITests" */ = {
			isa = XCConfigurationList;
			buildConfigurations = (
				698D2F002D034B2A00543178 /* Debug */,
				698D2F012D034B2A00543178 /* Release */,
			);
			defaultConfigurationIsVisible = 0;
			defaultConfigurationName = Release;
		};
/* End XCConfigurationList section */
	};
	rootObject = 698D2ECD2D034B2800543178 /* Project object */;
}
